PODS:
  - LookinServer (1.0.0)
  - QMUIKit/QMUIComponents/QMUIButton (4.0.4):
    - QMUIKit/QMUICore
  - QMUIKit/QMUIComponents/QMUICollectionViewPagingLayout (4.0.4):
    - QMUIKit/QMUICore
  - QMUIKit/QMUIComponents/QMUIFillButton (4.0.4):
    - QMUIKit/QMUIComponents/QMUIButton
    - QMUIKit/QMUICore
  - QMUIKit/QMUIComponents/QMUIFloatLayoutView (4.0.4):
    - QMUIKit/QMUICore
  - QMUIKit/QMUIComponents/QMUIGhostButton (4.0.4):
    - QMUIKit/QMUIComponents/QMUIButton
    - QMUIKit/QMUICore
  - QMUIKit/QMUIComponents/QMUIGridView (4.0.4):
    - QMUIKit/QMUICore
  - QMUIKit/QMUIComponents/QMUIKeyboardManager (4.0.4):
    - QMUIKit/QMUICore
  - QMUIKit/QMUIComponents/QMUILabel (4.0.4):
    - QMUIKit/QMUICore
  - QMUIKit/QMUIComponents/QMUIMultipleDelegates (4.0.4):
    - QMUIKit/QMUICore
  - QMUIKit/QMUIComponents/QMUITableView (4.0.4):
    - QMUIKit/QMUIComponents/QMUITableViewProtocols
    - QMUIKit/QMUICore
  - QMUIKit/QMUIComponents/QMUITableViewProtocols (4.0.4):
    - QMUIKit/QMUICore
  - QMUIKit/QMUIComponents/QMUITextField (4.0.4):
    - QMUIKit/QMUIComponents/QMUIMultipleDelegates
    - QMUIKit/QMUICore
  - QMUIKit/QMUIComponents/QMUITextView (4.0.4):
    - QMUIKit/QMUIComponents/QMUILabel
    - QMUIKit/QMUIComponents/QMUIMultipleDelegates
    - QMUIKit/QMUICore
  - QMUIKit/QMUIComponents/QMUITips (4.0.4):
    - QMUIKit/QMUIComponents/QMUIToastView
    - QMUIKit/QMUICore
  - QMUIKit/QMUIComponents/QMUIToastView (4.0.4):
    - QMUIKit/QMUIComponents/QMUIKeyboardManager
    - QMUIKit/QMUIComponents/QMUIVisualEffectView
    - QMUIKit/QMUICore
  - QMUIKit/QMUIComponents/QMUIVisualEffectView (4.0.4):
    - QMUIKit/QMUICore
  - QMUIKit/QMUICore (4.0.4):
    - QMUIKit/QMUILog
    - QMUIKit/QMUIWeakObjectContainer
  - QMUIKit/QMUILog (4.0.4)
  - QMUIKit/QMUIWeakObjectContainer (4.0.4)
  - Repeat (0.6.0)
  - SKPhotoBrowser (6.1.0)
  - SwiftCSV (0.5.5)
  - WoodPeckeriOS (1.2.4)

DEPENDENCIES:
  - LookinServer
  - QMUIKit/QMUIComponents/QMUIButton
  - QMUIKit/QMUIComponents/QMUICollectionViewPagingLayout
  - QMUIKit/QMUIComponents/QMUIFillButton
  - QMUIKit/QMUIComponents/QMUIFloatLayoutView
  - QMUIKit/QMUIComponents/QMUIGhostButton
  - QMUIKit/QMUIComponents/QMUIGridView
  - QMUIKit/QMUIComponents/QMUILabel
  - QMUIKit/QMUIComponents/QMUITableView
  - QMUIKit/QMUIComponents/QMUITextField
  - QMUIKit/QMUIComponents/QMUITextView
  - QMUIKit/QMUIComponents/QMUITips
  - QMUIKit/QMUICore
  - Repeat
  - SKPhotoBrowser
  - SwiftCSV
  - WoodPeckeriOS

SPEC REPOS:
  trunk:
    - LookinServer
    - QMUIKit
    - Repeat
    - SKPhotoBrowser
    - SwiftCSV
    - WoodPeckeriOS

SPEC CHECKSUMS:
  LookinServer: 0002891cd3cec5e082a910e897dfe71b4f06b89e
  QMUIKit: 73899f707bdd51f44d16e10d11f224fb821fbe74
  Repeat: fd80848f4b3d6f133b18fdee04fd193aff6b31ff
  SKPhotoBrowser: 343de95d89dc7913763c5dda243cc6e606e4a168
  SwiftCSV: 13e494244a4a65c3ff71002444491026de625643
  WoodPeckeriOS: bff163c8c996efd45e2fb562f68f6db7f901ac90

PODFILE CHECKSUM: 41f7d3828f8c37d9255b0f51f75f14b8d589dc3e

COCOAPODS: 1.8.4
